
Microsoft Visual Studio Solution File, Format Version 12.00
# Visual Studio Version 17
VisualStudioVersion = 17.6.33815.320
MinimumVisualStudioVersion = 10.0.40219.1
Project("{FAE04EC0-301F-11D3-BF4B-00C04F79EFBC}") = "01_MainSubjects", "01_MainSubjects\01_MainSubjects.csproj", "{1C2A54F2-E4BF-45EA-9BC8-34AC78727BBE}"
EndProject
Project("{FAE04EC0-301F-11D3-BF4B-00C04F79EFBC}") = "02_Variables", "02_Variables\02_Variables.csproj", "{C9921C58-1034-42D6-A22B-58B045ADEEFB}"
EndProject
Project("{FAE04EC0-301F-11D3-BF4B-00C04F79EFBC}") = "03_MakingDecision", "03_MakingDecision\03_MakingDecision.csproj", "{CC90FD3E-EC74-46F7-9B0D-CCAD99E69445}"
EndProject
Project("{FAE04EC0-301F-11D3-BF4B-00C04F79EFBC}") = "04_Loops", "04_Loops\04_Loops.csproj", "{1D1B62C7-070A-4C90-9397-8FC61EF5E8E1}"
EndProject
Project("{FAE04EC0-301F-11D3-BF4B-00C04F79EFBC}") = "05_LoopsWithStars", "05_LoopsWithStars\05_LoopsWithStars.csproj", "{4FDB2DB6-770D-4F24-83C3-643203BB8056}"
EndProject
Project("{FAE04EC0-301F-11D3-BF4B-00C04F79EFBC}") = "06_Arrays", "06_Arrays\06_Arrays.csproj", "{EA2DAB65-3AD3-4917-BF21-CD794078264E}"
EndProject
Project("{FAE04EC0-301F-11D3-BF4B-00C04F79EFBC}") = "07_ForeachLoop", "07_ForeachLoop\07_ForeachLoop.csproj", "{E723BB62-5FFD-4EF5-B2BE-8E68EA35BBB2}"
EndProject
Project("{FAE04EC0-301F-11D3-BF4B-00C04F79EFBC}") = "08_Methods", "08_Methods\08_Methods.csproj", "{608CA467-288A-49AB-BFC3-E1E082EE07F5}"
EndProject
Global
	GlobalSection(SolutionConfigurationPlatforms) = preSolution
		Debug|Any CPU = Debug|Any CPU
		Release|Any CPU = Release|Any CPU
	EndGlobalSection
	GlobalSection(ProjectConfigurationPlatforms) = postSolution
		{1C2A54F2-E4BF-45EA-9BC8-34AC78727BBE}.Debug|Any CPU.ActiveCfg = Debug|Any CPU
		{1C2A54F2-E4BF-45EA-9BC8-34AC78727BBE}.Debug|Any CPU.Build.0 = Debug|Any CPU
		{1C2A54F2-E4BF-45EA-9BC8-34AC78727BBE}.Release|Any CPU.ActiveCfg = Release|Any CPU
		{1C2A54F2-E4BF-45EA-9BC8-34AC78727BBE}.Release|Any CPU.Build.0 = Release|Any CPU
		{C9921C58-1034-42D6-A22B-58B045ADEEFB}.Debug|Any CPU.ActiveCfg = Debug|Any CPU
		{C9921C58-1034-42D6-A22B-58B045ADEEFB}.Debug|Any CPU.Build.0 = Debug|Any CPU
		{C9921C58-1034-42D6-A22B-58B045ADEEFB}.Release|Any CPU.ActiveCfg = Release|Any CPU
		{C9921C58-1034-42D6-A22B-58B045ADEEFB}.Release|Any CPU.Build.0 = Release|Any CPU
		{CC90FD3E-EC74-46F7-9B0D-CCAD99E69445}.Debug|Any CPU.ActiveCfg = Debug|Any CPU
		{CC90FD3E-EC74-46F7-9B0D-CCAD99E69445}.Debug|Any CPU.Build.0 = Debug|Any CPU
		{CC90FD3E-EC74-46F7-9B0D-CCAD99E69445}.Release|Any CPU.ActiveCfg = Release|Any CPU
		{CC90FD3E-EC74-46F7-9B0D-CCAD99E69445}.Release|Any CPU.Build.0 = Release|Any CPU
		{1D1B62C7-070A-4C90-9397-8FC61EF5E8E1}.Debug|Any CPU.ActiveCfg = Debug|Any CPU
		{1D1B62C7-070A-4C90-9397-8FC61EF5E8E1}.Debug|Any CPU.Build.0 = Debug|Any CPU
		{1D1B62C7-070A-4C90-9397-8FC61EF5E8E1}.Release|Any CPU.ActiveCfg = Release|Any CPU
		{1D1B62C7-070A-4C90-9397-8FC61EF5E8E1}.Release|Any CPU.Build.0 = Release|Any CPU
		{4FDB2DB6-770D-4F24-83C3-643203BB8056}.Debug|Any CPU.ActiveCfg = Debug|Any CPU
		{4FDB2DB6-770D-4F24-83C3-643203BB8056}.Debug|Any CPU.Build.0 = Debug|Any CPU
		{4FDB2DB6-770D-4F24-83C3-643203BB8056}.Release|Any CPU.ActiveCfg = Release|Any CPU
		{4FDB2DB6-770D-4F24-83C3-643203BB8056}.Release|Any CPU.Build.0 = Release|Any CPU
		{EA2DAB65-3AD3-4917-BF21-CD794078264E}.Debug|Any CPU.ActiveCfg = Debug|Any CPU
		{EA2DAB65-3AD3-4917-BF21-CD794078264E}.Debug|Any CPU.Build.0 = Debug|Any CPU
		{EA2DAB65-3AD3-4917-BF21-CD794078264E}.Release|Any CPU.ActiveCfg = Release|Any CPU
		{EA2DAB65-3AD3-4917-BF21-CD794078264E}.Release|Any CPU.Build.0 = Release|Any CPU
		{E723BB62-5FFD-4EF5-B2BE-8E68EA35BBB2}.Debug|Any CPU.ActiveCfg = Debug|Any CPU
		{E723BB62-5FFD-4EF5-B2BE-8E68EA35BBB2}.Debug|Any CPU.Build.0 = Debug|Any CPU
		{E723BB62-5FFD-4EF5-B2BE-8E68EA35BBB2}.Release|Any CPU.ActiveCfg = Release|Any CPU
		{E723BB62-5FFD-4EF5-B2BE-8E68EA35BBB2}.Release|Any CPU.Build.0 = Release|Any CPU
		{608CA467-288A-49AB-BFC3-E1E082EE07F5}.Debug|Any CPU.ActiveCfg = Debug|Any CPU
		{608CA467-288A-49AB-BFC3-E1E082EE07F5}.Debug|Any CPU.Build.0 = Debug|Any CPU
		{608CA467-288A-49AB-BFC3-E1E082EE07F5}.Release|Any CPU.ActiveCfg = Release|Any CPU
		{608CA467-288A-49AB-BFC3-E1E082EE07F5}.Release|Any CPU.Build.0 = Release|Any CPU
	EndGlobalSection
	GlobalSection(SolutionProperties) = preSolution
		HideSolutionNode = FALSE
	EndGlobalSection
	GlobalSection(ExtensibilityGlobals) = postSolution
		SolutionGuid = {6AEF71BE-DE27-4FB3-8E37-2F839F90AF9E}
	EndGlobalSection
EndGlobal
